
Microsoft Visual Studio Solution File, Format Version 11.00
# Visual Studio 2010
Project("{FAE04EC0-301F-11D3-BF4B-00C04F79EFBC}") = "KokoonpanoPuu", "KokoonpanoPuu\KokoonpanoPuu.csproj", "{406CA8BD-315B-405D-941C-17F43FD219C0}"
EndProject
Global
	GlobalSection(SolutionConfigurationPlatforms) = preSolution
		Debug|x86 = Debug|x86
		Release|x86 = Release|x86
	EndGlobalSection
	GlobalSection(ProjectConfigurationPlatforms) = postSolution
		{406CA8BD-315B-405D-941C-17F43FD219C0}.Debug|x86.ActiveCfg = Debug|x86
		{406CA8BD-315B-405D-941C-17F43FD219C0}.Debug|x86.Build.0 = Debug|x86
		{406CA8BD-315B-405D-941C-17F43FD219C0}.Release|x86.ActiveCfg = Release|x86
		{406CA8BD-315B-405D-941C-17F43FD219C0}.Release|x86.Build.0 = Release|x86
	EndGlobalSection
	GlobalSection(SolutionProperties) = preSolution
		HideSolutionNode = FALSE
	EndGlobalSection
EndGlobal
